// !$*UTF8*$!
{
	archiveVersion = 1;
	classes = {
	};
	objectVersion = 46;
	objects = {

/* Begin PBXBuildFile section */
		3AAB8FC41BF63DAC004598EE /* ProgressView.swift in Sources */ = {isa = PBXBuildFile; fileRef = 3AAB8FC31BF63DAC004598EE /* ProgressView.swift */; };
		3E6EACA81BE170390036AAEF /* Shellder.xcdatamodeld in Sources */ = {isa = PBXBuildFile; fileRef = 3E6EACA61BE170390036AAEF /* Shellder.xcdatamodeld */; };
		3E71B5DE1BD6CD690011353C /* AppDelegate.swift in Sources */ = {isa = PBXBuildFile; fileRef = 3E71B5DD1BD6CD690011353C /* AppDelegate.swift */; };
		3E71B5E31BD6CD6A0011353C /* Main.storyboard in Resources */ = {isa = PBXBuildFile; fileRef = 3E71B5E11BD6CD6A0011353C /* Main.storyboard */; };
		3E71B5E51BD6CD6A0011353C /* Assets.xcassets in Resources */ = {isa = PBXBuildFile; fileRef = 3E71B5E41BD6CD6A0011353C /* Assets.xcassets */; };
		3E71B5E81BD6CD6A0011353C /* LaunchScreen.storyboard in Resources */ = {isa = PBXBuildFile; fileRef = 3E71B5E61BD6CD6A0011353C /* LaunchScreen.storyboard */; };
		3E71B5F01BD6D7CD0011353C /* MapViewController.swift in Sources */ = {isa = PBXBuildFile; fileRef = 3E71B5EF1BD6D7CD0011353C /* MapViewController.swift */; };
		3E71B5F21BD6DB800011353C /* OldActivity.swift in Sources */ = {isa = PBXBuildFile; fileRef = 3E71B5F11BD6DB800011353C /* OldActivity.swift */; };
		3ECB4F6F1BDD1F870000A61F /* ActivityTableViewCell.swift in Sources */ = {isa = PBXBuildFile; fileRef = 3ECB4F6E1BDD1F870000A61F /* ActivityTableViewCell.swift */; };
		3ECB4F711BDD24030000A61F /* ActivityTableViewController.swift in Sources */ = {isa = PBXBuildFile; fileRef = 3ECB4F701BDD24030000A61F /* ActivityTableViewController.swift */; };
		3ECB4F731BDD355D0000A61F /* ActivityViewController.swift in Sources */ = {isa = PBXBuildFile; fileRef = 3ECB4F721BDD355D0000A61F /* ActivityViewController.swift */; };
		3EDAB1931BE807AE00B1B26F /* Activity+CoreDataProperties.swift in Sources */ = {isa = PBXBuildFile; fileRef = 3EDAB1911BE807AE00B1B26F /* Activity+CoreDataProperties.swift */; };
		3EDAB1941BE807AE00B1B26F /* Activity.swift in Sources */ = {isa = PBXBuildFile; fileRef = 3EDAB1921BE807AE00B1B26F /* Activity.swift */; };
		3EDAB1961BE81EA100B1B26F /* CheckControl.swift in Sources */ = {isa = PBXBuildFile; fileRef = 3EDAB1951BE81EA100B1B26F /* CheckControl.swift */; };
		3EED08F81BE99C9C007684DA /* Annotation.swift in Sources */ = {isa = PBXBuildFile; fileRef = 3EED08F71BE99C9C007684DA /* Annotation.swift */; };
/* End PBXBuildFile section */

/* Begin PBXFileReference section */
		3AAB8FC31BF63DAC004598EE /* ProgressView.swift */ = {isa = PBXFileReference; fileEncoding = 4; lastKnownFileType = sourcecode.swift; path = ProgressView.swift; sourceTree = "<group>"; };
		3E6EACA71BE170390036AAEF /* Shellder.xcdatamodel */ = {isa = PBXFileReference; lastKnownFileType = wrapper.xcdatamodel; path = Shellder.xcdatamodel; sourceTree = "<group>"; };
		3E71B5DA1BD6CD690011353C /* Shellder.app */ = {isa = PBXFileReference; explicitFileType = wrapper.application; includeInIndex = 0; path = Shellder.app; sourceTree = BUILT_PRODUCTS_DIR; };
		3E71B5DD1BD6CD690011353C /* AppDelegate.swift */ = {isa = PBXFileReference; lastKnownFileType = sourcecode.swift; path = AppDelegate.swift; sourceTree = "<group>"; };
		3E71B5E21BD6CD6A0011353C /* Base */ = {isa = PBXFileReference; lastKnownFileType = file.storyboard; name = Base; path = Base.lproj/Main.storyboard; sourceTree = "<group>"; };
		3E71B5E41BD6CD6A0011353C /* Assets.xcassets */ = {isa = PBXFileReference; lastKnownFileType = folder.assetcatalog; path = Assets.xcassets; sourceTree = "<group>"; };
		3E71B5E71BD6CD6A0011353C /* Base */ = {isa = PBXFileReference; lastKnownFileType = file.storyboard; name = Base; path = Base.lproj/LaunchScreen.storyboard; sourceTree = "<group>"; };
		3E71B5E91BD6CD6A0011353C /* Info.plist */ = {isa = PBXFileReference; lastKnownFileType = text.plist.xml; path = Info.plist; sourceTree = "<group>"; };
		3E71B5EF1BD6D7CD0011353C /* MapViewController.swift */ = {isa = PBXFileReference; fileEncoding = 4; lastKnownFileType = sourcecode.swift; path = MapViewController.swift; sourceTree = "<group>"; };
		3E71B5F11BD6DB800011353C /* OldActivity.swift */ = {isa = PBXFileReference; fileEncoding = 4; lastKnownFileType = sourcecode.swift; path = OldActivity.swift; sourceTree = "<group>"; };
		3ECB4F6E1BDD1F870000A61F /* ActivityTableViewCell.swift */ = {isa = PBXFileReference; fileEncoding = 4; lastKnownFileType = sourcecode.swift; path = ActivityTableViewCell.swift; sourceTree = "<group>"; };
		3ECB4F701BDD24030000A61F /* ActivityTableViewController.swift */ = {isa = PBXFileReference; fileEncoding = 4; lastKnownFileType = sourcecode.swift; path = ActivityTableViewController.swift; sourceTree = "<group>"; };
		3ECB4F721BDD355D0000A61F /* ActivityViewController.swift */ = {isa = PBXFileReference; fileEncoding = 4; lastKnownFileType = sourcecode.swift; path = ActivityViewController.swift; sourceTree = "<group>"; };
		3EDAB1911BE807AE00B1B26F /* Activity+CoreDataProperties.swift */ = {isa = PBXFileReference; fileEncoding = 4; lastKnownFileType = sourcecode.swift; path = "Activity+CoreDataProperties.swift"; sourceTree = "<group>"; };
		3EDAB1921BE807AE00B1B26F /* Activity.swift */ = {isa = PBXFileReference; fileEncoding = 4; lastKnownFileType = sourcecode.swift; path = Activity.swift; sourceTree = "<group>"; };
		3EDAB1951BE81EA100B1B26F /* CheckControl.swift */ = {isa = PBXFileReference; fileEncoding = 4; lastKnownFileType = sourcecode.swift; path = CheckControl.swift; sourceTree = "<group>"; };
		3EED08F71BE99C9C007684DA /* Annotation.swift */ = {isa = PBXFileReference; fileEncoding = 4; lastKnownFileType = sourcecode.swift; path = Annotation.swift; sourceTree = "<group>"; };
/* End PBXFileReference section */

/* Begin PBXFrameworksBuildPhase section */
		3E71B5D71BD6CD690011353C /* Frameworks */ = {
			isa = PBXFrameworksBuildPhase;
			buildActionMask = 2147483647;
			files = (
			);
			runOnlyForDeploymentPostprocessing = 0;
		};
/* End PBXFrameworksBuildPhase section */

/* Begin PBXGroup section */
		3E71B5D11BD6CD690011353C = {
			isa = PBXGroup;
			children = (
				3E71B5DC1BD6CD690011353C /* Shellder */,
				3E71B5DB1BD6CD690011353C /* Products */,
			);
			sourceTree = "<group>";
		};
		3E71B5DB1BD6CD690011353C /* Products */ = {
			isa = PBXGroup;
			children = (
				3E71B5DA1BD6CD690011353C /* Shellder.app */,
			);
			name = Products;
			sourceTree = "<group>";
		};
		3E71B5DC1BD6CD690011353C /* Shellder */ = {
			isa = PBXGroup;
			children = (
				3EDAB1911BE807AE00B1B26F /* Activity+CoreDataProperties.swift */,
				3EDAB1921BE807AE00B1B26F /* Activity.swift */,
				3ECB4F721BDD355D0000A61F /* ActivityViewController.swift */,
				3ECB4F6E1BDD1F870000A61F /* ActivityTableViewCell.swift */,
				3E71B5DD1BD6CD690011353C /* AppDelegate.swift */,
				3E6EACA61BE170390036AAEF /* Shellder.xcdatamodeld */,
				3E71B5E11BD6CD6A0011353C /* Main.storyboard */,
				3AAB8FC31BF63DAC004598EE /* ProgressView.swift */,
				3ECB4F701BDD24030000A61F /* ActivityTableViewController.swift */,
				3E71B5E41BD6CD6A0011353C /* Assets.xcassets */,
				3E71B5E61BD6CD6A0011353C /* LaunchScreen.storyboard */,
				3E71B5E91BD6CD6A0011353C /* Info.plist */,
				3E71B5EF1BD6D7CD0011353C /* MapViewController.swift */,
				3E71B5F11BD6DB800011353C /* OldActivity.swift */,
				3EDAB1951BE81EA100B1B26F /* CheckControl.swift */,
				3EED08F71BE99C9C007684DA /* Annotation.swift */,
			);
			path = Shellder;
			sourceTree = "<group>";
		};
/* End PBXGroup section */

/* Begin PBXNativeTarget section */
		3E71B5D91BD6CD690011353C /* Shellder */ = {
			isa = PBXNativeTarget;
			buildConfigurationList = 3E71B5EC1BD6CD6A0011353C /* Build configuration list for PBXNativeTarget "Shellder" */;
			buildPhases = (
				3E71B5D61BD6CD690011353C /* Sources */,
				3E71B5D71BD6CD690011353C /* Frameworks */,
				3E71B5D81BD6CD690011353C /* Resources */,
			);
			buildRules = (
			);
			dependencies = (
			);
			name = Shellder;
			productName = Shellder;
			productReference = 3E71B5DA1BD6CD690011353C /* Shellder.app */;
			productType = "com.apple.product-type.application";
		};
/* End PBXNativeTarget section */

/* Begin PBXProject section */
		3E71B5D21BD6CD690011353C /* Project object */ = {
			isa = PBXProject;
			attributes = {
				LastUpgradeCheck = 0700;
				ORGANIZATIONNAME = "CS 4720";
				TargetAttributes = {
					3E71B5D91BD6CD690011353C = {
						CreatedOnToolsVersion = 7.0.1;
						DevelopmentTeam = EZ835YZ7MJ;
					};
				};
			};
			buildConfigurationList = 3E71B5D51BD6CD690011353C /* Build configuration list for PBXProject "Shellder" */;
			compatibilityVersion = "Xcode 3.2";
			developmentRegion = English;
			hasScannedForEncodings = 0;
			knownRegions = (
				en,
				Base,
			);
			mainGroup = 3E71B5D11BD6CD690011353C;
			productRefGroup = 3E71B5DB1BD6CD690011353C /* Products */;
			projectDirPath = "";
			projectRoot = "";
			targets = (
				3E71B5D91BD6CD690011353C /* Shellder */,
			);
		};
/* End PBXProject section */

/* Begin PBXResourcesBuildPhase section */
		3E71B5D81BD6CD690011353C /* Resources */ = {
			isa = PBXResourcesBuildPhase;
			buildActionMask = 2147483647;
			files = (
				3E71B5E81BD6CD6A0011353C /* LaunchScreen.storyboard in Resources */,
				3E71B5E51BD6CD6A0011353C /* Assets.xcassets in Resources */,
				3E71B5E31BD6CD6A0011353C /* Main.storyboard in Resources */,
			);
			runOnlyForDeploymentPostprocessing = 0;
		};
/* End PBXResourcesBuildPhase section */

/* Begin PBXSourcesBuildPhase section */
		3E71B5D61BD6CD690011353C /* Sources */ = {
			isa = PBXSourcesBuildPhase;
			buildActionMask = 2147483647;
			files = (
				3E71B5F21BD6DB800011353C /* OldActivity.swift in Sources */,
				3ECB4F731BDD355D0000A61F /* ActivityViewController.swift in Sources */,
				3EDAB1931BE807AE00B1B26F /* Activity+CoreDataProperties.swift in Sources */,
				3ECB4F711BDD24030000A61F /* ActivityTableViewController.swift in Sources */,
				3EDAB1961BE81EA100B1B26F /* CheckControl.swift in Sources */,
				3AAB8FC41BF63DAC004598EE /* ProgressView.swift in Sources */,
				3ECB4F6F1BDD1F870000A61F /* ActivityTableViewCell.swift in Sources */,
				3E71B5F01BD6D7CD0011353C /* MapViewController.swift in Sources */,
				3E6EACA81BE170390036AAEF /* Shellder.xcdatamodeld in Sources */,
				3EDAB1941BE807AE00B1B26F /* Activity.swift in Sources */,
				3EED08F81BE99C9C007684DA /* Annotation.swift in Sources */,
				3E71B5DE1BD6CD690011353C /* AppDelegate.swift in Sources */,
			);
			runOnlyForDeploymentPostprocessing = 0;
		};
/* End PBXSourcesBuildPhase section */

/* Begin PBXVariantGroup section */
		3E71B5E11BD6CD6A0011353C /* Main.storyboard */ = {
			isa = PBXVariantGroup;
			children = (
				3E71B5E21BD6CD6A0011353C /* Base */,
			);
			name = Main.storyboard;
			sourceTree = "<group>";
		};
		3E71B5E61BD6CD6A0011353C /* LaunchScreen.storyboard */ = {
			isa = PBXVariantGroup;
			children = (
				3E71B5E71BD6CD6A0011353C /* Base */,
			);
			name = LaunchScreen.storyboard;
			sourceTree = "<group>";
		};
/* End PBXVariantGroup section */

/* Begin XCBuildConfiguration section */
		3E71B5EA1BD6CD6A0011353C /* Debug */ = {
			isa = XCBuildConfiguration;
			buildSettings = {
				ALWAYS_SEARCH_USER_PATHS = NO;
				CLANG_CXX_LANGUAGE_STANDARD = "gnu++0x";
				CLANG_CXX_LIBRARY = "libc++";
				CLANG_ENABLE_MODULES = YES;
				CLANG_ENABLE_OBJC_ARC = YES;
				CLANG_WARN_BOOL_CONVERSION = YES;
				CLANG_WARN_CONSTANT_CONVERSION = YES;
				CLANG_WARN_DIRECT_OBJC_ISA_USAGE = YES_ERROR;
				CLANG_WARN_EMPTY_BODY = YES;
				CLANG_WARN_ENUM_CONVERSION = YES;
				CLANG_WARN_INT_CONVERSION = YES;
				CLANG_WARN_OBJC_ROOT_CLASS = YES_ERROR;
				CLANG_WARN_UNREACHABLE_CODE = YES;
				CLANG_WARN__DUPLICATE_METHOD_MATCH = YES;
				"CODE_SIGN_IDENTITY[sdk=iphoneos*]" = "iPhone Developer";
				COPY_PHASE_STRIP = NO;
				DEBUG_INFORMATION_FORMAT = dwarf;
				ENABLE_STRICT_OBJC_MSGSEND = YES;
				ENABLE_TESTABILITY = YES;
				GCC_C_LANGUAGE_STANDARD = gnu99;
				GCC_DYNAMIC_NO_PIC = NO;
				GCC_NO_COMMON_BLOCKS = YES;
				GCC_OPTIMIZATION_LEVEL = 0;
				GCC_PREPROCESSOR_DEFINITIONS = (
					"DEBUG=1",
					"$(inherited)",
				);
				GCC_WARN_64_TO_32_BIT_CONVERSION = YES;
				GCC_WARN_ABOUT_RETURN_TYPE = YES_ERROR;
				GCC_WARN_UNDECLARED_SELECTOR = YES;
				GCC_WARN_UNINITIALIZED_AUTOS = YES_AGGRESSIVE;
				GCC_WARN_UNUSED_FUNCTION = YES;
				GCC_WARN_UNUSED_VARIABLE = YES;
				IPHONEOS_DEPLOYMENT_TARGET = 9.0;
				MTL_ENABLE_DEBUG_INFO = YES;
				ONLY_ACTIVE_ARCH = YES;
				SDKROOT = iphoneos;
				SWIFT_OPTIMIZATION_LEVEL = "-Onone";
				TARGETED_DEVICE_FAMILY = "1,2";
			};
			name = Debug;
		};
		3E71B5EB1BD6CD6A0011353C /* Release */ = {
			isa = XCBuildConfiguration;
			buildSettings = {
				ALWAYS_SEARCH_USER_PATHS = NO;
				CLANG_CXX_LANGUAGE_STANDARD = "gnu++0x";
				CLANG_CXX_LIBRARY = "libc++";
				CLANG_ENABLE_MODULES = YES;
				CLANG_ENABLE_OBJC_ARC = YES;
				CLANG_WARN_BOOL_CONVERSION = YES;
				CLANG_WARN_CONSTANT_CONVERSION = YES;
				CLANG_WARN_DIRECT_OBJC_ISA_USAGE = YES_ERROR;
				CLANG_WARN_EMPTY_BODY = YES;
				CLANG_WARN_ENUM_CONVERSION = YES;
				CLANG_WARN_INT_CONVERSION = YES;
				CLANG_WARN_OBJC_ROOT_CLASS = YES_ERROR;
				CLANG_WARN_UNREACHABLE_CODE = YES;
				CLANG_WARN__DUPLICATE_METHOD_MATCH = YES;
				"CODE_SIGN_IDENTITY[sdk=iphoneos*]" = "iPhone Developer";
				COPY_PHASE_STRIP = NO;
				DEBUG_INFORMATION_FORMAT = "dwarf-with-dsym";
				ENABLE_NS_ASSERTIONS = NO;
				ENABLE_STRICT_OBJC_MSGSEND = YES;
				GCC_C_LANGUAGE_STANDARD = gnu99;
				GCC_NO_COMMON_BLOCKS = YES;
				GCC_WARN_64_TO_32_BIT_CONVERSION = YES;
				GCC_WARN_ABOUT_RETURN_TYPE = YES_ERROR;
				GCC_WARN_UNDECLARED_SELECTOR = YES;
				GCC_WARN_UNINITIALIZED_AUTOS = YES_AGGRESSIVE;
				GCC_WARN_UNUSED_FUNCTION = YES;
				GCC_WARN_UNUSED_VARIABLE = YES;
				IPHONEOS_DEPLOYMENT_TARGET = 9.0;
				MTL_ENABLE_DEBUG_INFO = NO;
				SDKROOT = iphoneos;
				TARGETED_DEVICE_FAMILY = "1,2";
				VALIDATE_PRODUCT = YES;
			};
			name = Release;
		};
		3E71B5ED1BD6CD6A0011353C /* Debug */ = {
			isa = XCBuildConfiguration;
			buildSettings = {
				ASSETCATALOG_COMPILER_APPICON_NAME = AppIcon;
				CODE_SIGN_IDENTITY = "iPhone Developer";
				"CODE_SIGN_IDENTITY[sdk=iphoneos*]" = "iPhone Developer";
				INFOPLIST_FILE = Shellder/Info.plist;
				LD_RUNPATH_SEARCH_PATHS = "$(inherited) @executable_path/Frameworks";
				PRODUCT_BUNDLE_IDENTIFIER = cs.virginia.edu.Shellder;
				PRODUCT_NAME = "$(TARGET_NAME)";
				PROVISIONING_PROFILE = "";
			};
			name = Debug;
		};
		3E71B5EE1BD6CD6A0011353C /* Release */ = {
			isa = XCBuildConfiguration;
			buildSettings = {
				ASSETCATALOG_COMPILER_APPICON_NAME = AppIcon;
				CODE_SIGN_IDENTITY = "iPhone Developer";
				"CODE_SIGN_IDENTITY[sdk=iphoneos*]" = "iPhone Developer";
				INFOPLIST_FILE = Shellder/Info.plist;
				LD_RUNPATH_SEARCH_PATHS = "$(inherited) @executable_path/Frameworks";
				PRODUCT_BUNDLE_IDENTIFIER = cs.virginia.edu.Shellder;
				PRODUCT_NAME = "$(TARGET_NAME)";
				PROVISIONING_PROFILE = "";
			};
			name = Release;
		};
/* End XCBuildConfiguration section */

/* Begin XCConfigurationList section */
		3E71B5D51BD6CD690011353C /* Build configuration list for PBXProject "Shellder" */ = {
			isa = XCConfigurationList;
			buildConfigurations = (
				3E71B5EA1BD6CD6A0011353C /* Debug */,
				3E71B5EB1BD6CD6A0011353C /* Release */,
			);
			defaultConfigurationIsVisible = 0;
			defaultConfigurationName = Release;
		};
		3E71B5EC1BD6CD6A0011353C /* Build configuration list for PBXNativeTarget "Shellder" */ = {
			isa = XCConfigurationList;
			buildConfigurations = (
				3E71B5ED1BD6CD6A0011353C /* Debug */,
				3E71B5EE1BD6CD6A0011353C /* Release */,
			);
			defaultConfigurationIsVisible = 0;
			defaultConfigurationName = Release;
		};
/* End XCConfigurationList section */

/* Begin XCVersionGroup section */
		3E6EACA61BE170390036AAEF /* Shellder.xcdatamodeld */ = {
			isa = XCVersionGroup;
			children = (
				3E6EACA71BE170390036AAEF /* Shellder.xcdatamodel */,
			);
			currentVersion = 3E6EACA71BE170390036AAEF /* Shellder.xcdatamodel */;
			path = Shellder.xcdatamodeld;
			sourceTree = "<group>";
			versionGroupType = wrapper.xcdatamodel;
		};
/* End XCVersionGroup section */
	};
	rootObject = 3E71B5D21BD6CD690011353C /* Project object */;
}
